
Microsoft Visual Studio Solution File, Format Version 12.00
# Visual Studio 14
VisualStudioVersion = 14.0.25420.1
MinimumVisualStudioVersion = 10.0.40219.1
Project("{FAE04EC0-301F-11D3-BF4B-00C04F79EFBC}") = "GestaoOrcamentoProviders", "GestaoOrcamentoProviders\GestaoOrcamentoProviders.csproj", "{D6254343-417C-49F7-8DDE-488DBB53C273}"
EndProject
Project("{FAE04EC0-301F-11D3-BF4B-00C04F79EFBC}") = "Teste", "Teste\Teste.csproj", "{4FB05C26-40D7-438F-99BD-D0C40C8D865A}"
EndProject
Project("{2150E333-8FDC-42A3-9474-1A3956D46DE8}") = "Model", "Model", "{3E71C197-5A61-4775-A682-C0BAFFD013D6}"
EndProject
Project("{FAE04EC0-301F-11D3-BF4B-00C04F79EFBC}") = "GestaoOrcamentoEntities", "GestaoOrcamentoEntities\GestaoOrcamentoEntities.csproj", "{142FEFE3-C323-4B05-A1C1-A3BD08FD9347}"
EndProject
Project("{FAE04EC0-301F-11D3-BF4B-00C04F79EFBC}") = "GestaoOrcamentoDAO", "GestaoOrcamentoDAO\GestaoOrcamentoDAO.csproj", "{2B22435C-5950-43A2-917C-D925B4D08DA4}"
EndProject
Project("{2150E333-8FDC-42A3-9474-1A3956D46DE8}") = "Desktop", "Desktop", "{A9C42DBF-4F37-4E52-8108-375DB6654B51}"
EndProject
Project("{2150E333-8FDC-42A3-9474-1A3956D46DE8}") = "Web", "Web", "{E4E45985-469F-4955-B73A-66CC12B976B2}"
EndProject
Project("{2150E333-8FDC-42A3-9474-1A3956D46DE8}") = "Aplicativos", "Aplicativos", "{EC7CD92D-4ECF-4D74-B3DE-8D9F90F52ADC}"
EndProject
Project("{FAE04EC0-301F-11D3-BF4B-00C04F79EFBC}") = "ControleOrcamentoBAL", "ControleOrcamentoBAL\ControleOrcamentoBAL.csproj", "{18E5F4D4-F2B5-4C5A-98D7-E3511B7D8E6F}"
EndProject
Project("{2150E333-8FDC-42A3-9474-1A3956D46DE8}") = "Installer", "Installer", "{4582B821-2B49-42E9-ADFD-E1187BA78B4A}"
EndProject
Project("{54435603-DBB4-11D2-8724-00A0C9A8B90C}") = "TesteAprioriInstaller", "TesteAprioriInstaller\TesteAprioriInstaller.vdproj", "{232C192A-1BCE-4477-B9F3-2C3F5AD3AF4F}"
EndProject
Project("{FAE04EC0-301F-11D3-BF4B-00C04F79EFBC}") = "Orcamento.Web", "Orcamento.Web\Orcamento.Web.csproj", "{2688C34D-7986-4E67-B827-D7A925F487B6}"
EndProject
Global
	GlobalSection(SolutionConfigurationPlatforms) = preSolution
		Debug|Any CPU = Debug|Any CPU
		Release|Any CPU = Release|Any CPU
	EndGlobalSection
	GlobalSection(ProjectConfigurationPlatforms) = postSolution
		{D6254343-417C-49F7-8DDE-488DBB53C273}.Debug|Any CPU.ActiveCfg = Debug|Any CPU
		{D6254343-417C-49F7-8DDE-488DBB53C273}.Debug|Any CPU.Build.0 = Debug|Any CPU
		{D6254343-417C-49F7-8DDE-488DBB53C273}.Release|Any CPU.ActiveCfg = Release|Any CPU
		{D6254343-417C-49F7-8DDE-488DBB53C273}.Release|Any CPU.Build.0 = Release|Any CPU
		{4FB05C26-40D7-438F-99BD-D0C40C8D865A}.Debug|Any CPU.ActiveCfg = Debug|Any CPU
		{4FB05C26-40D7-438F-99BD-D0C40C8D865A}.Debug|Any CPU.Build.0 = Debug|Any CPU
		{4FB05C26-40D7-438F-99BD-D0C40C8D865A}.Release|Any CPU.ActiveCfg = Release|Any CPU
		{4FB05C26-40D7-438F-99BD-D0C40C8D865A}.Release|Any CPU.Build.0 = Release|Any CPU
		{142FEFE3-C323-4B05-A1C1-A3BD08FD9347}.Debug|Any CPU.ActiveCfg = Debug|Any CPU
		{142FEFE3-C323-4B05-A1C1-A3BD08FD9347}.Debug|Any CPU.Build.0 = Debug|Any CPU
		{142FEFE3-C323-4B05-A1C1-A3BD08FD9347}.Release|Any CPU.ActiveCfg = Release|Any CPU
		{142FEFE3-C323-4B05-A1C1-A3BD08FD9347}.Release|Any CPU.Build.0 = Release|Any CPU
		{2B22435C-5950-43A2-917C-D925B4D08DA4}.Debug|Any CPU.ActiveCfg = Debug|Any CPU
		{2B22435C-5950-43A2-917C-D925B4D08DA4}.Debug|Any CPU.Build.0 = Debug|Any CPU
		{2B22435C-5950-43A2-917C-D925B4D08DA4}.Release|Any CPU.ActiveCfg = Release|Any CPU
		{2B22435C-5950-43A2-917C-D925B4D08DA4}.Release|Any CPU.Build.0 = Release|Any CPU
		{18E5F4D4-F2B5-4C5A-98D7-E3511B7D8E6F}.Debug|Any CPU.ActiveCfg = Debug|Any CPU
		{18E5F4D4-F2B5-4C5A-98D7-E3511B7D8E6F}.Debug|Any CPU.Build.0 = Debug|Any CPU
		{18E5F4D4-F2B5-4C5A-98D7-E3511B7D8E6F}.Release|Any CPU.ActiveCfg = Release|Any CPU
		{18E5F4D4-F2B5-4C5A-98D7-E3511B7D8E6F}.Release|Any CPU.Build.0 = Release|Any CPU
		{232C192A-1BCE-4477-B9F3-2C3F5AD3AF4F}.Debug|Any CPU.ActiveCfg = Debug
		{232C192A-1BCE-4477-B9F3-2C3F5AD3AF4F}.Release|Any CPU.ActiveCfg = Release
		{2688C34D-7986-4E67-B827-D7A925F487B6}.Debug|Any CPU.ActiveCfg = Debug|Any CPU
		{2688C34D-7986-4E67-B827-D7A925F487B6}.Debug|Any CPU.Build.0 = Debug|Any CPU
		{2688C34D-7986-4E67-B827-D7A925F487B6}.Release|Any CPU.ActiveCfg = Release|Any CPU
		{2688C34D-7986-4E67-B827-D7A925F487B6}.Release|Any CPU.Build.0 = Release|Any CPU
	EndGlobalSection
	GlobalSection(SolutionProperties) = preSolution
		HideSolutionNode = FALSE
	EndGlobalSection
	GlobalSection(NestedProjects) = preSolution
		{D6254343-417C-49F7-8DDE-488DBB53C273} = {3E71C197-5A61-4775-A682-C0BAFFD013D6}
		{142FEFE3-C323-4B05-A1C1-A3BD08FD9347} = {3E71C197-5A61-4775-A682-C0BAFFD013D6}
		{2B22435C-5950-43A2-917C-D925B4D08DA4} = {3E71C197-5A61-4775-A682-C0BAFFD013D6}
		{A9C42DBF-4F37-4E52-8108-375DB6654B51} = {EC7CD92D-4ECF-4D74-B3DE-8D9F90F52ADC}
		{E4E45985-469F-4955-B73A-66CC12B976B2} = {EC7CD92D-4ECF-4D74-B3DE-8D9F90F52ADC}
		{18E5F4D4-F2B5-4C5A-98D7-E3511B7D8E6F} = {A9C42DBF-4F37-4E52-8108-375DB6654B51}
		{232C192A-1BCE-4477-B9F3-2C3F5AD3AF4F} = {4582B821-2B49-42E9-ADFD-E1187BA78B4A}
		{2688C34D-7986-4E67-B827-D7A925F487B6} = {E4E45985-469F-4955-B73A-66CC12B976B2}
	EndGlobalSection
EndGlobal
